// !$*UTF8*$!
{
	archiveVersion = 1;
	classes = {
	};
	objectVersion = 46;
	objects = {

/* Begin PBXBuildFile section */
		021A03E21CEF79450076FA20 /* AppDelegate.swift in Sources */ = {isa = PBXBuildFile; fileRef = 021A03E11CEF79450076FA20 /* AppDelegate.swift */; };
		021A03E41CEF79450076FA20 /* ViewController.swift in Sources */ = {isa = PBXBuildFile; fileRef = 021A03E31CEF79450076FA20 /* ViewController.swift */; };
		021A03E71CEF79450076FA20 /* Main.storyboard in Resources */ = {isa = PBXBuildFile; fileRef = 021A03E51CEF79450076FA20 /* Main.storyboard */; };
		021A03E91CEF79450076FA20 /* Assets.xcassets in Resources */ = {isa = PBXBuildFile; fileRef = 021A03E81CEF79450076FA20 /* Assets.xcassets */; };
		021A03EC1CEF79450076FA20 /* LaunchScreen.storyboard in Resources */ = {isa = PBXBuildFile; fileRef = 021A03EA1CEF79450076FA20 /* LaunchScreen.storyboard */; };
		027ADCE71CEF831A00776CEE /* AWSCognito.framework in Frameworks */ = {isa = PBXBuildFile; fileRef = 027ADCE31CEF831A00776CEE /* AWSCognito.framework */; };
		027ADCE81CEF831A00776CEE /* AWSCognito.framework in Embed Frameworks */ = {isa = PBXBuildFile; fileRef = 027ADCE31CEF831A00776CEE /* AWSCognito.framework */; settings = {ATTRIBUTES = (CodeSignOnCopy, RemoveHeadersOnCopy, ); }; };
		027ADCE91CEF831A00776CEE /* AWSCognitoIdentityProvider.framework in Frameworks */ = {isa = PBXBuildFile; fileRef = 027ADCE41CEF831A00776CEE /* AWSCognitoIdentityProvider.framework */; };
		027ADCEA1CEF831A00776CEE /* AWSCognitoIdentityProvider.framework in Embed Frameworks */ = {isa = PBXBuildFile; fileRef = 027ADCE41CEF831A00776CEE /* AWSCognitoIdentityProvider.framework */; settings = {ATTRIBUTES = (CodeSignOnCopy, RemoveHeadersOnCopy, ); }; };
		027ADCEB1CEF831A00776CEE /* AWSCore.framework in Frameworks */ = {isa = PBXBuildFile; fileRef = 027ADCE51CEF831A00776CEE /* AWSCore.framework */; };
		027ADCEC1CEF831A00776CEE /* AWSCore.framework in Embed Frameworks */ = {isa = PBXBuildFile; fileRef = 027ADCE51CEF831A00776CEE /* AWSCore.framework */; settings = {ATTRIBUTES = (CodeSignOnCopy, RemoveHeadersOnCopy, ); }; };
		027ADCED1CEF831A00776CEE /* AWSS3.framework in Frameworks */ = {isa = PBXBuildFile; fileRef = 027ADCE61CEF831A00776CEE /* AWSS3.framework */; };
		027ADCEE1CEF831A00776CEE /* AWSS3.framework in Embed Frameworks */ = {isa = PBXBuildFile; fileRef = 027ADCE61CEF831A00776CEE /* AWSS3.framework */; settings = {ATTRIBUTES = (CodeSignOnCopy, RemoveHeadersOnCopy, ); }; };
/* End PBXBuildFile section */

/* Begin PBXCopyFilesBuildPhase section */
		027ADCEF1CEF831A00776CEE /* Embed Frameworks */ = {
			isa = PBXCopyFilesBuildPhase;
			buildActionMask = 2147483647;
			dstPath = "";
			dstSubfolderSpec = 10;
			files = (
				027ADCEE1CEF831A00776CEE /* AWSS3.framework in Embed Frameworks */,
				027ADCE81CEF831A00776CEE /* AWSCognito.framework in Embed Frameworks */,
				027ADCEA1CEF831A00776CEE /* AWSCognitoIdentityProvider.framework in Embed Frameworks */,
				027ADCEC1CEF831A00776CEE /* AWSCore.framework in Embed Frameworks */,
			);
			name = "Embed Frameworks";
			runOnlyForDeploymentPostprocessing = 0;
		};
/* End PBXCopyFilesBuildPhase section */

/* Begin PBXFileReference section */
		021A03DE1CEF79440076FA20 /* Identity-Code-iOS.app */ = {isa = PBXFileReference; explicitFileType = wrapper.application; includeInIndex = 0; path = "Identity-Code-iOS.app"; sourceTree = BUILT_PRODUCTS_DIR; };
		021A03E11CEF79450076FA20 /* AppDelegate.swift */ = {isa = PBXFileReference; lastKnownFileType = sourcecode.swift; path = AppDelegate.swift; sourceTree = "<group>"; };
		021A03E31CEF79450076FA20 /* ViewController.swift */ = {isa = PBXFileReference; lastKnownFileType = sourcecode.swift; path = ViewController.swift; sourceTree = "<group>"; };
		021A03E61CEF79450076FA20 /* Base */ = {isa = PBXFileReference; lastKnownFileType = file.storyboard; name = Base; path = Base.lproj/Main.storyboard; sourceTree = "<group>"; };
		021A03E81CEF79450076FA20 /* Assets.xcassets */ = {isa = PBXFileReference; lastKnownFileType = folder.assetcatalog; path = Assets.xcassets; sourceTree = "<group>"; };
		021A03EB1CEF79450076FA20 /* Base */ = {isa = PBXFileReference; lastKnownFileType = file.storyboard; name = Base; path = Base.lproj/LaunchScreen.storyboard; sourceTree = "<group>"; };
		021A03ED1CEF79450076FA20 /* Info.plist */ = {isa = PBXFileReference; lastKnownFileType = text.plist.xml; path = Info.plist; sourceTree = "<group>"; };
		027ADCE31CEF831A00776CEE /* AWSCognito.framework */ = {isa = PBXFileReference; lastKnownFileType = wrapper.framework; path = AWSCognito.framework; sourceTree = "<group>"; };
		027ADCE41CEF831A00776CEE /* AWSCognitoIdentityProvider.framework */ = {isa = PBXFileReference; lastKnownFileType = wrapper.framework; path = AWSCognitoIdentityProvider.framework; sourceTree = "<group>"; };
		027ADCE51CEF831A00776CEE /* AWSCore.framework */ = {isa = PBXFileReference; lastKnownFileType = wrapper.framework; path = AWSCore.framework; sourceTree = "<group>"; };
		027ADCE61CEF831A00776CEE /* AWSS3.framework */ = {isa = PBXFileReference; lastKnownFileType = wrapper.framework; path = AWSS3.framework; sourceTree = "<group>"; };
/* End PBXFileReference section */

/* Begin PBXFrameworksBuildPhase section */
		021A03DB1CEF79440076FA20 /* Frameworks */ = {
			isa = PBXFrameworksBuildPhase;
			buildActionMask = 2147483647;
			files = (
				027ADCED1CEF831A00776CEE /* AWSS3.framework in Frameworks */,
				027ADCE71CEF831A00776CEE /* AWSCognito.framework in Frameworks */,
				027ADCE91CEF831A00776CEE /* AWSCognitoIdentityProvider.framework in Frameworks */,
				027ADCEB1CEF831A00776CEE /* AWSCore.framework in Frameworks */,
			);
			runOnlyForDeploymentPostprocessing = 0;
		};
/* End PBXFrameworksBuildPhase section */

/* Begin PBXGroup section */
		021A03D51CEF79440076FA20 = {
			isa = PBXGroup;
			children = (
				027ADCE31CEF831A00776CEE /* AWSCognito.framework */,
				027ADCE41CEF831A00776CEE /* AWSCognitoIdentityProvider.framework */,
				027ADCE51CEF831A00776CEE /* AWSCore.framework */,
				027ADCE61CEF831A00776CEE /* AWSS3.framework */,
				021A03E01CEF79450076FA20 /* Identity-Code-iOS */,
				021A03DF1CEF79440076FA20 /* Products */,
			);
			sourceTree = "<group>";
		};
		021A03DF1CEF79440076FA20 /* Products */ = {
			isa = PBXGroup;
			children = (
				021A03DE1CEF79440076FA20 /* Identity-Code-iOS.app */,
			);
			name = Products;
			sourceTree = "<group>";
		};
		021A03E01CEF79450076FA20 /* Identity-Code-iOS */ = {
			isa = PBXGroup;
			children = (
				021A03E11CEF79450076FA20 /* AppDelegate.swift */,
				021A03E31CEF79450076FA20 /* ViewController.swift */,
				021A03E51CEF79450076FA20 /* Main.storyboard */,
				021A03E81CEF79450076FA20 /* Assets.xcassets */,
				021A03EA1CEF79450076FA20 /* LaunchScreen.storyboard */,
				021A03ED1CEF79450076FA20 /* Info.plist */,
			);
			path = "Identity-Code-iOS";
			sourceTree = "<group>";
		};
/* End PBXGroup section */

/* Begin PBXNativeTarget section */
		021A03DD1CEF79440076FA20 /* Identity-Code-iOS */ = {
			isa = PBXNativeTarget;
			buildConfigurationList = 021A03F01CEF79450076FA20 /* Build configuration list for PBXNativeTarget "Identity-Code-iOS" */;
			buildPhases = (
				021A03DA1CEF79440076FA20 /* Sources */,
				021A03DB1CEF79440076FA20 /* Frameworks */,
				021A03DC1CEF79440076FA20 /* Resources */,
				027ADCEF1CEF831A00776CEE /* Embed Frameworks */,
				027ADCF01CEF834000776CEE /* ShellScript */,
			);
			buildRules = (
			);
			dependencies = (
			);
			name = "Identity-Code-iOS";
			productName = "Identity-Code-iOS";
			productReference = 021A03DE1CEF79440076FA20 /* Identity-Code-iOS.app */;
			productType = "com.apple.product-type.application";
		};
/* End PBXNativeTarget section */

/* Begin PBXProject section */
		021A03D61CEF79440076FA20 /* Project object */ = {
			isa = PBXProject;
			attributes = {
				LastSwiftUpdateCheck = 0730;
				LastUpgradeCheck = 0730;
				ORGANIZATIONNAME = Jeetendra;
				TargetAttributes = {
					021A03DD1CEF79440076FA20 = {
						CreatedOnToolsVersion = 7.3.1;
					};
				};
			};
			buildConfigurationList = 021A03D91CEF79440076FA20 /* Build configuration list for PBXProject "Identity-Code-iOS" */;
			compatibilityVersion = "Xcode 3.2";
			developmentRegion = English;
			hasScannedForEncodings = 0;
			knownRegions = (
				en,
				Base,
			);
			mainGroup = 021A03D51CEF79440076FA20;
			productRefGroup = 021A03DF1CEF79440076FA20 /* Products */;
			projectDirPath = "";
			projectRoot = "";
			targets = (
				021A03DD1CEF79440076FA20 /* Identity-Code-iOS */,
			);
		};
/* End PBXProject section */

/* Begin PBXResourcesBuildPhase section */
		021A03DC1CEF79440076FA20 /* Resources */ = {
			isa = PBXResourcesBuildPhase;
			buildActionMask = 2147483647;
			files = (
				021A03EC1CEF79450076FA20 /* LaunchScreen.storyboard in Resources */,
				021A03E91CEF79450076FA20 /* Assets.xcassets in Resources */,
				021A03E71CEF79450076FA20 /* Main.storyboard in Resources */,
			);
			runOnlyForDeploymentPostprocessing = 0;
		};
/* End PBXResourcesBuildPhase section */

/* Begin PBXShellScriptBuildPhase section */
		027ADCF01CEF834000776CEE /* ShellScript */ = {
			isa = PBXShellScriptBuildPhase;
			buildActionMask = 2147483647;
			files = (
			);
			inputPaths = (
			);
			outputPaths = (
			);
			runOnlyForDeploymentPostprocessing = 0;
			shellPath = /bin/sh;
			shellScript = "bash \"${BUILT_PRODUCTS_DIR}/${FRAMEWORKS_FOLDER_PATH}/AWSCore.framework/strip-frameworks.sh\"";
		};
/* End PBXShellScriptBuildPhase section */

/* Begin PBXSourcesBuildPhase section */
		021A03DA1CEF79440076FA20 /* Sources */ = {
			isa = PBXSourcesBuildPhase;
			buildActionMask = 2147483647;
			files = (
				021A03E41CEF79450076FA20 /* ViewController.swift in Sources */,
				021A03E21CEF79450076FA20 /* AppDelegate.swift in Sources */,
			);
			runOnlyForDeploymentPostprocessing = 0;
		};
/* End PBXSourcesBuildPhase section */

/* Begin PBXVariantGroup section */
		021A03E51CEF79450076FA20 /* Main.storyboard */ = {
			isa = PBXVariantGroup;
			children = (
				021A03E61CEF79450076FA20 /* Base */,
			);
			name = Main.storyboard;
			sourceTree = "<group>";
		};
		021A03EA1CEF79450076FA20 /* LaunchScreen.storyboard */ = {
			isa = PBXVariantGroup;
			children = (
				021A03EB1CEF79450076FA20 /* Base */,
			);
			name = LaunchScreen.storyboard;
			sourceTree = "<group>";
		};
/* End PBXVariantGroup section */

/* Begin XCBuildConfiguration section */
		021A03EE1CEF79450076FA20 /* Debug */ = {
			isa = XCBuildConfiguration;
			buildSettings = {
				ALWAYS_SEARCH_USER_PATHS = NO;
				CLANG_ANALYZER_NONNULL = YES;
				CLANG_CXX_LANGUAGE_STANDARD = "gnu++0x";
				CLANG_CXX_LIBRARY = "libc++";
				CLANG_ENABLE_MODULES = YES;
				CLANG_ENABLE_OBJC_ARC = YES;
				CLANG_WARN_BOOL_CONVERSION = YES;
				CLANG_WARN_CONSTANT_CONVERSION = YES;
				CLANG_WARN_DIRECT_OBJC_ISA_USAGE = YES_ERROR;
				CLANG_WARN_EMPTY_BODY = YES;
				CLANG_WARN_ENUM_CONVERSION = YES;
				CLANG_WARN_INT_CONVERSION = YES;
				CLANG_WARN_OBJC_ROOT_CLASS = YES_ERROR;
				CLANG_WARN_UNREACHABLE_CODE = YES;
				CLANG_WARN__DUPLICATE_METHOD_MATCH = YES;
				"CODE_SIGN_IDENTITY[sdk=iphoneos*]" = "iPhone Developer";
				COPY_PHASE_STRIP = NO;
				DEBUG_INFORMATION_FORMAT = dwarf;
				ENABLE_STRICT_OBJC_MSGSEND = YES;
				ENABLE_TESTABILITY = YES;
				GCC_C_LANGUAGE_STANDARD = gnu99;
				GCC_DYNAMIC_NO_PIC = NO;
				GCC_NO_COMMON_BLOCKS = YES;
				GCC_OPTIMIZATION_LEVEL = 0;
				GCC_PREPROCESSOR_DEFINITIONS = (
					"DEBUG=1",
					"$(inherited)",
				);
				GCC_WARN_64_TO_32_BIT_CONVERSION = YES;
				GCC_WARN_ABOUT_RETURN_TYPE = YES_ERROR;
				GCC_WARN_UNDECLARED_SELECTOR = YES;
				GCC_WARN_UNINITIALIZED_AUTOS = YES_AGGRESSIVE;
				GCC_WARN_UNUSED_FUNCTION = YES;
				GCC_WARN_UNUSED_VARIABLE = YES;
				IPHONEOS_DEPLOYMENT_TARGET = 9.3;
				MTL_ENABLE_DEBUG_INFO = YES;
				ONLY_ACTIVE_ARCH = YES;
				SDKROOT = iphoneos;
				SWIFT_OPTIMIZATION_LEVEL = "-Onone";
				TARGETED_DEVICE_FAMILY = "1,2";
			};
			name = Debug;
		};
		021A03EF1CEF79450076FA20 /* Release */ = {
			isa = XCBuildConfiguration;
			buildSettings = {
				ALWAYS_SEARCH_USER_PATHS = NO;
				CLANG_ANALYZER_NONNULL = YES;
				CLANG_CXX_LANGUAGE_STANDARD = "gnu++0x";
				CLANG_CXX_LIBRARY = "libc++";
				CLANG_ENABLE_MODULES = YES;
				CLANG_ENABLE_OBJC_ARC = YES;
				CLANG_WARN_BOOL_CONVERSION = YES;
				CLANG_WARN_CONSTANT_CONVERSION = YES;
				CLANG_WARN_DIRECT_OBJC_ISA_USAGE = YES_ERROR;
				CLANG_WARN_EMPTY_BODY = YES;
				CLANG_WARN_ENUM_CONVERSION = YES;
				CLANG_WARN_INT_CONVERSION = YES;
				CLANG_WARN_OBJC_ROOT_CLASS = YES_ERROR;
				CLANG_WARN_UNREACHABLE_CODE = YES;
				CLANG_WARN__DUPLICATE_METHOD_MATCH = YES;
				"CODE_SIGN_IDENTITY[sdk=iphoneos*]" = "iPhone Developer";
				COPY_PHASE_STRIP = NO;
				DEBUG_INFORMATION_FORMAT = "dwarf-with-dsym";
				ENABLE_NS_ASSERTIONS = NO;
				ENABLE_STRICT_OBJC_MSGSEND = YES;
				GCC_C_LANGUAGE_STANDARD = gnu99;
				GCC_NO_COMMON_BLOCKS = YES;
				GCC_WARN_64_TO_32_BIT_CONVERSION = YES;
				GCC_WARN_ABOUT_RETURN_TYPE = YES_ERROR;
				GCC_WARN_UNDECLARED_SELECTOR = YES;
				GCC_WARN_UNINITIALIZED_AUTOS = YES_AGGRESSIVE;
				GCC_WARN_UNUSED_FUNCTION = YES;
				GCC_WARN_UNUSED_VARIABLE = YES;
				IPHONEOS_DEPLOYMENT_TARGET = 9.3;
				MTL_ENABLE_DEBUG_INFO = NO;
				SDKROOT = iphoneos;
				TARGETED_DEVICE_FAMILY = "1,2";
				VALIDATE_PRODUCT = YES;
			};
			name = Release;
		};
		021A03F11CEF79450076FA20 /* Debug */ = {
			isa = XCBuildConfiguration;
			buildSettings = {
				ASSETCATALOG_COMPILER_APPICON_NAME = AppIcon;
				FRAMEWORK_SEARCH_PATHS = (
					"$(inherited)",
					"$(PROJECT_DIR)",
				);
				INFOPLIST_FILE = "Identity-Code-iOS/Info.plist";
				LD_RUNPATH_SEARCH_PATHS = "$(inherited) @executable_path/Frameworks";
				PRODUCT_BUNDLE_IDENTIFIER = "xyz.jeetendra.Identity-Code-iOS";
				PRODUCT_NAME = "$(TARGET_NAME)";
			};
			name = Debug;
		};
		021A03F21CEF79450076FA20 /* Release */ = {
			isa = XCBuildConfiguration;
			buildSettings = {
				ASSETCATALOG_COMPILER_APPICON_NAME = AppIcon;
				FRAMEWORK_SEARCH_PATHS = (
					"$(inherited)",
					"$(PROJECT_DIR)",
				);
				INFOPLIST_FILE = "Identity-Code-iOS/Info.plist";
				LD_RUNPATH_SEARCH_PATHS = "$(inherited) @executable_path/Frameworks";
				PRODUCT_BUNDLE_IDENTIFIER = "xyz.jeetendra.Identity-Code-iOS";
				PRODUCT_NAME = "$(TARGET_NAME)";
			};
			name = Release;
		};
/* End XCBuildConfiguration section */

/* Begin XCConfigurationList section */
		021A03D91CEF79440076FA20 /* Build configuration list for PBXProject "Identity-Code-iOS" */ = {
			isa = XCConfigurationList;
			buildConfigurations = (
				021A03EE1CEF79450076FA20 /* Debug */,
				021A03EF1CEF79450076FA20 /* Release */,
			);
			defaultConfigurationIsVisible = 0;
			defaultConfigurationName = Release;
		};
		021A03F01CEF79450076FA20 /* Build configuration list for PBXNativeTarget "Identity-Code-iOS" */ = {
			isa = XCConfigurationList;
			buildConfigurations = (
				021A03F11CEF79450076FA20 /* Debug */,
				021A03F21CEF79450076FA20 /* Release */,
			);
			defaultConfigurationIsVisible = 0;
			defaultConfigurationName = Release;
		};
/* End XCConfigurationList section */
	};
	rootObject = 021A03D61CEF79440076FA20 /* Project object */;
}
